
Microsoft Visual Studio Solution File, Format Version 12.00
# Visual Studio Version 17
VisualStudioVersion = 17.7.34003.232
MinimumVisualStudioVersion = 10.0.40219.1
Project("{FAE04EC0-301F-11D3-BF4B-00C04F79EFBC}") = "BooksAPI", "BooksAPI\BooksAPI.csproj", "{8EA2D984-3314-45B2-A967-B456E15A89F9}"
EndProject
Global
	GlobalSection(SolutionConfigurationPlatforms) = preSolution
		Debug|Any CPU = Debug|Any CPU
		Release|Any CPU = Release|Any CPU
	EndGlobalSection
	GlobalSection(ProjectConfigurationPlatforms) = postSolution
		{8EA2D984-3314-45B2-A967-B456E15A89F9}.Debug|Any CPU.ActiveCfg = Debug|Any CPU
		{8EA2D984-3314-45B2-A967-B456E15A89F9}.Debug|Any CPU.Build.0 = Debug|Any CPU
		{8EA2D984-3314-45B2-A967-B456E15A89F9}.Release|Any CPU.ActiveCfg = Release|Any CPU
		{8EA2D984-3314-45B2-A967-B456E15A89F9}.Release|Any CPU.Build.0 = Release|Any CPU
	EndGlobalSection
	GlobalSection(SolutionProperties) = preSolution
		HideSolutionNode = FALSE
	EndGlobalSection
	GlobalSection(ExtensibilityGlobals) = postSolution
		SolutionGuid = {3440757C-A15D-4BB8-92B6-94CBD093308F}
	EndGlobalSection
EndGlobal
